
Microsoft Visual Studio Solution File, Format Version 12.00
# Visual Studio Version 16
VisualStudioVersion = 16.0.29201.188
MinimumVisualStudioVersion = 10.0.40219.1
Project("{9092AA53-FB77-4645-B42D-1CCCA6BD08BD}") = "ReactPrac", "ReactPrac\ReactPrac.njsproj", "{1BB80E62-12D4-4334-A1AC-C55C1606E583}"
EndProject
Global
	GlobalSection(SolutionConfigurationPlatforms) = preSolution
		Debug|Any CPU = Debug|Any CPU
		Release|Any CPU = Release|Any CPU
	EndGlobalSection
	GlobalSection(ProjectConfigurationPlatforms) = postSolution
		{1BB80E62-12D4-4334-A1AC-C55C1606E583}.Debug|Any CPU.ActiveCfg = Debug|Any CPU
		{1BB80E62-12D4-4334-A1AC-C55C1606E583}.Debug|Any CPU.Build.0 = Debug|Any CPU
		{1BB80E62-12D4-4334-A1AC-C55C1606E583}.Release|Any CPU.ActiveCfg = Release|Any CPU
		{1BB80E62-12D4-4334-A1AC-C55C1606E583}.Release|Any CPU.Build.0 = Release|Any CPU
	EndGlobalSection
	GlobalSection(SolutionProperties) = preSolution
		HideSolutionNode = FALSE
	EndGlobalSection
	GlobalSection(ExtensibilityGlobals) = postSolution
		SolutionGuid = {1886B7FC-7270-41DA-A88E-F87907DFE368}
	EndGlobalSection
EndGlobal
